// !$*UTF8*$!
{
	archiveVersion = 1;
	classes = {
	};
	objectVersion = 50;
	objects = {

/* Begin PBXBuildFile section */
		0718C6052107ACBD00FD1D0C /* DarkSkyAPIKey.swift in Sources */ = {isa = PBXBuildFile; fileRef = 0718C6042107ACBD00FD1D0C /* DarkSkyAPIKey.swift */; };
		0718C60721081C9900FD1D0C /* LocationData.swift in Sources */ = {isa = PBXBuildFile; fileRef = 0718C60621081C9900FD1D0C /* LocationData.swift */; };
		07771CFD21077210002125A3 /* AppDelegate.swift in Sources */ = {isa = PBXBuildFile; fileRef = 07771CFC21077210002125A3 /* AppDelegate.swift */; };
		07771CFF21077210002125A3 /* TabBarController.swift in Sources */ = {isa = PBXBuildFile; fileRef = 07771CFE21077210002125A3 /* TabBarController.swift */; };
		07771D0221077210002125A3 /* Main.storyboard in Resources */ = {isa = PBXBuildFile; fileRef = 07771D0021077210002125A3 /* Main.storyboard */; };
		07771D0521077210002125A3 /* CanaryWeather.xcdatamodeld in Sources */ = {isa = PBXBuildFile; fileRef = 07771D0321077210002125A3 /* CanaryWeather.xcdatamodeld */; };
		07771D0721077211002125A3 /* Assets.xcassets in Resources */ = {isa = PBXBuildFile; fileRef = 07771D0621077211002125A3 /* Assets.xcassets */; };
		07771D0A21077211002125A3 /* LaunchScreen.storyboard in Resources */ = {isa = PBXBuildFile; fileRef = 07771D0821077211002125A3 /* LaunchScreen.storyboard */; };
		07771D1521077211002125A3 /* CanaryWeatherTests.swift in Sources */ = {isa = PBXBuildFile; fileRef = 07771D1421077211002125A3 /* CanaryWeatherTests.swift */; };
		07771D2021077212002125A3 /* CanaryWeatherUITests.swift in Sources */ = {isa = PBXBuildFile; fileRef = 07771D1F21077212002125A3 /* CanaryWeatherUITests.swift */; };
		07771D2E2107ABE6002125A3 /* ForecastData.swift in Sources */ = {isa = PBXBuildFile; fileRef = 07771D2D2107ABE6002125A3 /* ForecastData.swift */; };
/* End PBXBuildFile section */

/* Begin PBXContainerItemProxy section */
		07771D1121077211002125A3 /* PBXContainerItemProxy */ = {
			isa = PBXContainerItemProxy;
			containerPortal = 07771CF121077210002125A3 /* Project object */;
			proxyType = 1;
			remoteGlobalIDString = 07771CF821077210002125A3;
			remoteInfo = CanaryWeather;
		};
		07771D1C21077212002125A3 /* PBXContainerItemProxy */ = {
			isa = PBXContainerItemProxy;
			containerPortal = 07771CF121077210002125A3 /* Project object */;
			proxyType = 1;
			remoteGlobalIDString = 07771CF821077210002125A3;
			remoteInfo = CanaryWeather;
		};
/* End PBXContainerItemProxy section */

/* Begin PBXFileReference section */
		0718C6042107ACBD00FD1D0C /* DarkSkyAPIKey.swift */ = {isa = PBXFileReference; lastKnownFileType = sourcecode.swift; path = DarkSkyAPIKey.swift; sourceTree = "<group>"; };
		0718C60621081C9900FD1D0C /* LocationData.swift */ = {isa = PBXFileReference; lastKnownFileType = sourcecode.swift; path = LocationData.swift; sourceTree = "<group>"; };
		07771CF921077210002125A3 /* CanaryWeather.app */ = {isa = PBXFileReference; explicitFileType = wrapper.application; includeInIndex = 0; path = CanaryWeather.app; sourceTree = BUILT_PRODUCTS_DIR; };
		07771CFC21077210002125A3 /* AppDelegate.swift */ = {isa = PBXFileReference; lastKnownFileType = sourcecode.swift; path = AppDelegate.swift; sourceTree = "<group>"; };
		07771CFE21077210002125A3 /* TabBarController.swift */ = {isa = PBXFileReference; lastKnownFileType = sourcecode.swift; path = TabBarController.swift; sourceTree = "<group>"; };
		07771D0121077210002125A3 /* Base */ = {isa = PBXFileReference; lastKnownFileType = file.storyboard; name = Base; path = Base.lproj/Main.storyboard; sourceTree = "<group>"; };
		07771D0421077210002125A3 /* CanaryWeather.xcdatamodel */ = {isa = PBXFileReference; lastKnownFileType = wrapper.xcdatamodel; path = CanaryWeather.xcdatamodel; sourceTree = "<group>"; };
		07771D0621077211002125A3 /* Assets.xcassets */ = {isa = PBXFileReference; lastKnownFileType = folder.assetcatalog; path = Assets.xcassets; sourceTree = "<group>"; };
		07771D0921077211002125A3 /* Base */ = {isa = PBXFileReference; lastKnownFileType = file.storyboard; name = Base; path = Base.lproj/LaunchScreen.storyboard; sourceTree = "<group>"; };
		07771D0B21077211002125A3 /* Info.plist */ = {isa = PBXFileReference; lastKnownFileType = text.plist.xml; path = Info.plist; sourceTree = "<group>"; };
		07771D1021077211002125A3 /* CanaryWeatherTests.xctest */ = {isa = PBXFileReference; explicitFileType = wrapper.cfbundle; includeInIndex = 0; path = CanaryWeatherTests.xctest; sourceTree = BUILT_PRODUCTS_DIR; };
		07771D1421077211002125A3 /* CanaryWeatherTests.swift */ = {isa = PBXFileReference; lastKnownFileType = sourcecode.swift; path = CanaryWeatherTests.swift; sourceTree = "<group>"; };
		07771D1621077211002125A3 /* Info.plist */ = {isa = PBXFileReference; lastKnownFileType = text.plist.xml; path = Info.plist; sourceTree = "<group>"; };
		07771D1B21077212002125A3 /* CanaryWeatherUITests.xctest */ = {isa = PBXFileReference; explicitFileType = wrapper.cfbundle; includeInIndex = 0; path = CanaryWeatherUITests.xctest; sourceTree = BUILT_PRODUCTS_DIR; };
		07771D1F21077212002125A3 /* CanaryWeatherUITests.swift */ = {isa = PBXFileReference; lastKnownFileType = sourcecode.swift; path = CanaryWeatherUITests.swift; sourceTree = "<group>"; };
		07771D2121077212002125A3 /* Info.plist */ = {isa = PBXFileReference; lastKnownFileType = text.plist.xml; path = Info.plist; sourceTree = "<group>"; };
		07771D2D2107ABE6002125A3 /* ForecastData.swift */ = {isa = PBXFileReference; lastKnownFileType = sourcecode.swift; path = ForecastData.swift; sourceTree = "<group>"; };
/* End PBXFileReference section */

/* Begin PBXFrameworksBuildPhase section */
		07771CF621077210002125A3 /* Frameworks */ = {
			isa = PBXFrameworksBuildPhase;
			buildActionMask = 2147483647;
			files = (
			);
			runOnlyForDeploymentPostprocessing = 0;
		};
		07771D0D21077211002125A3 /* Frameworks */ = {
			isa = PBXFrameworksBuildPhase;
			buildActionMask = 2147483647;
			files = (
			);
			runOnlyForDeploymentPostprocessing = 0;
		};
		07771D1821077212002125A3 /* Frameworks */ = {
			isa = PBXFrameworksBuildPhase;
			buildActionMask = 2147483647;
			files = (
			);
			runOnlyForDeploymentPostprocessing = 0;
		};
/* End PBXFrameworksBuildPhase section */

/* Begin PBXGroup section */
		07771CF021077210002125A3 = {
			isa = PBXGroup;
			children = (
				07771CFB21077210002125A3 /* CanaryWeather */,
				07771D1321077211002125A3 /* CanaryWeatherTests */,
				07771D1E21077212002125A3 /* CanaryWeatherUITests */,
				07771CFA21077210002125A3 /* Products */,
			);
			sourceTree = "<group>";
		};
		07771CFA21077210002125A3 /* Products */ = {
			isa = PBXGroup;
			children = (
				07771CF921077210002125A3 /* CanaryWeather.app */,
				07771D1021077211002125A3 /* CanaryWeatherTests.xctest */,
				07771D1B21077212002125A3 /* CanaryWeatherUITests.xctest */,
			);
			name = Products;
			sourceTree = "<group>";
		};
		07771CFB21077210002125A3 /* CanaryWeather */ = {
			isa = PBXGroup;
			children = (
				07771CFC21077210002125A3 /* AppDelegate.swift */,
				07771CFE21077210002125A3 /* TabBarController.swift */,
				0718C60621081C9900FD1D0C /* LocationData.swift */,
				07771D0021077210002125A3 /* Main.storyboard */,
				07771D0621077211002125A3 /* Assets.xcassets */,
				07771D0821077211002125A3 /* LaunchScreen.storyboard */,
				07771D0B21077211002125A3 /* Info.plist */,
				07771D0321077210002125A3 /* CanaryWeather.xcdatamodeld */,
				07771D2D2107ABE6002125A3 /* ForecastData.swift */,
				0718C6042107ACBD00FD1D0C /* DarkSkyAPIKey.swift */,
			);
			path = CanaryWeather;
			sourceTree = "<group>";
		};
		07771D1321077211002125A3 /* CanaryWeatherTests */ = {
			isa = PBXGroup;
			children = (
				07771D1421077211002125A3 /* CanaryWeatherTests.swift */,
				07771D1621077211002125A3 /* Info.plist */,
			);
			path = CanaryWeatherTests;
			sourceTree = "<group>";
		};
		07771D1E21077212002125A3 /* CanaryWeatherUITests */ = {
			isa = PBXGroup;
			children = (
				07771D1F21077212002125A3 /* CanaryWeatherUITests.swift */,
				07771D2121077212002125A3 /* Info.plist */,
			);
			path = CanaryWeatherUITests;
			sourceTree = "<group>";
		};
/* End PBXGroup section */

/* Begin PBXNativeTarget section */
		07771CF821077210002125A3 /* CanaryWeather */ = {
			isa = PBXNativeTarget;
			buildConfigurationList = 07771D2421077212002125A3 /* Build configuration list for PBXNativeTarget "CanaryWeather" */;
			buildPhases = (
				07771CF521077210002125A3 /* Sources */,
				07771CF621077210002125A3 /* Frameworks */,
				07771CF721077210002125A3 /* Resources */,
			);
			buildRules = (
			);
			dependencies = (
			);
			name = CanaryWeather;
			productName = CanaryWeather;
			productReference = 07771CF921077210002125A3 /* CanaryWeather.app */;
			productType = "com.apple.product-type.application";
		};
		07771D0F21077211002125A3 /* CanaryWeatherTests */ = {
			isa = PBXNativeTarget;
			buildConfigurationList = 07771D2721077212002125A3 /* Build configuration list for PBXNativeTarget "CanaryWeatherTests" */;
			buildPhases = (
				07771D0C21077211002125A3 /* Sources */,
				07771D0D21077211002125A3 /* Frameworks */,
				07771D0E21077211002125A3 /* Resources */,
			);
			buildRules = (
			);
			dependencies = (
				07771D1221077211002125A3 /* PBXTargetDependency */,
			);
			name = CanaryWeatherTests;
			productName = CanaryWeatherTests;
			productReference = 07771D1021077211002125A3 /* CanaryWeatherTests.xctest */;
			productType = "com.apple.product-type.bundle.unit-test";
		};
		07771D1A21077212002125A3 /* CanaryWeatherUITests */ = {
			isa = PBXNativeTarget;
			buildConfigurationList = 07771D2A21077212002125A3 /* Build configuration list for PBXNativeTarget "CanaryWeatherUITests" */;
			buildPhases = (
				07771D1721077212002125A3 /* Sources */,
				07771D1821077212002125A3 /* Frameworks */,
				07771D1921077212002125A3 /* Resources */,
			);
			buildRules = (
			);
			dependencies = (
				07771D1D21077212002125A3 /* PBXTargetDependency */,
			);
			name = CanaryWeatherUITests;
			productName = CanaryWeatherUITests;
			productReference = 07771D1B21077212002125A3 /* CanaryWeatherUITests.xctest */;
			productType = "com.apple.product-type.bundle.ui-testing";
		};
/* End PBXNativeTarget section */

/* Begin PBXProject section */
		07771CF121077210002125A3 /* Project object */ = {
			isa = PBXProject;
			attributes = {
				LastSwiftUpdateCheck = 0940;
				LastUpgradeCheck = 0940;
				ORGANIZATIONNAME = "Tyler Helmrich";
				TargetAttributes = {
					07771CF821077210002125A3 = {
						CreatedOnToolsVersion = 9.4.1;
					};
					07771D0F21077211002125A3 = {
						CreatedOnToolsVersion = 9.4.1;
						TestTargetID = 07771CF821077210002125A3;
					};
					07771D1A21077212002125A3 = {
						CreatedOnToolsVersion = 9.4.1;
						TestTargetID = 07771CF821077210002125A3;
					};
				};
			};
			buildConfigurationList = 07771CF421077210002125A3 /* Build configuration list for PBXProject "CanaryWeather" */;
			compatibilityVersion = "Xcode 9.3";
			developmentRegion = en;
			hasScannedForEncodings = 0;
			knownRegions = (
				en,
				Base,
			);
			mainGroup = 07771CF021077210002125A3;
			productRefGroup = 07771CFA21077210002125A3 /* Products */;
			projectDirPath = "";
			projectRoot = "";
			targets = (
				07771CF821077210002125A3 /* CanaryWeather */,
				07771D0F21077211002125A3 /* CanaryWeatherTests */,
				07771D1A21077212002125A3 /* CanaryWeatherUITests */,
			);
		};
/* End PBXProject section */

/* Begin PBXResourcesBuildPhase section */
		07771CF721077210002125A3 /* Resources */ = {
			isa = PBXResourcesBuildPhase;
			buildActionMask = 2147483647;
			files = (
				07771D0A21077211002125A3 /* LaunchScreen.storyboard in Resources */,
				07771D0721077211002125A3 /* Assets.xcassets in Resources */,
				07771D0221077210002125A3 /* Main.storyboard in Resources */,
			);
			runOnlyForDeploymentPostprocessing = 0;
		};
		07771D0E21077211002125A3 /* Resources */ = {
			isa = PBXResourcesBuildPhase;
			buildActionMask = 2147483647;
			files = (
			);
			runOnlyForDeploymentPostprocessing = 0;
		};
		07771D1921077212002125A3 /* Resources */ = {
			isa = PBXResourcesBuildPhase;
			buildActionMask = 2147483647;
			files = (
			);
			runOnlyForDeploymentPostprocessing = 0;
		};
/* End PBXResourcesBuildPhase section */

/* Begin PBXSourcesBuildPhase section */
		07771CF521077210002125A3 /* Sources */ = {
			isa = PBXSourcesBuildPhase;
			buildActionMask = 2147483647;
			files = (
				0718C60721081C9900FD1D0C /* LocationData.swift in Sources */,
				07771D0521077210002125A3 /* CanaryWeather.xcdatamodeld in Sources */,
				0718C6052107ACBD00FD1D0C /* DarkSkyAPIKey.swift in Sources */,
				07771CFF21077210002125A3 /* TabBarController.swift in Sources */,
				07771D2E2107ABE6002125A3 /* ForecastData.swift in Sources */,
				07771CFD21077210002125A3 /* AppDelegate.swift in Sources */,
			);
			runOnlyForDeploymentPostprocessing = 0;
		};
		07771D0C21077211002125A3 /* Sources */ = {
			isa = PBXSourcesBuildPhase;
			buildActionMask = 2147483647;
			files = (
				07771D1521077211002125A3 /* CanaryWeatherTests.swift in Sources */,
			);
			runOnlyForDeploymentPostprocessing = 0;
		};
		07771D1721077212002125A3 /* Sources */ = {
			isa = PBXSourcesBuildPhase;
			buildActionMask = 2147483647;
			files = (
				07771D2021077212002125A3 /* CanaryWeatherUITests.swift in Sources */,
			);
			runOnlyForDeploymentPostprocessing = 0;
		};
/* End PBXSourcesBuildPhase section */

/* Begin PBXTargetDependency section */
		07771D1221077211002125A3 /* PBXTargetDependency */ = {
			isa = PBXTargetDependency;
			target = 07771CF821077210002125A3 /* CanaryWeather */;
			targetProxy = 07771D1121077211002125A3 /* PBXContainerItemProxy */;
		};
		07771D1D21077212002125A3 /* PBXTargetDependency */ = {
			isa = PBXTargetDependency;
			target = 07771CF821077210002125A3 /* CanaryWeather */;
			targetProxy = 07771D1C21077212002125A3 /* PBXContainerItemProxy */;
		};
/* End PBXTargetDependency section */

/* Begin PBXVariantGroup section */
		07771D0021077210002125A3 /* Main.storyboard */ = {
			isa = PBXVariantGroup;
			children = (
				07771D0121077210002125A3 /* Base */,
			);
			name = Main.storyboard;
			sourceTree = "<group>";
		};
		07771D0821077211002125A3 /* LaunchScreen.storyboard */ = {
			isa = PBXVariantGroup;
			children = (
				07771D0921077211002125A3 /* Base */,
			);
			name = LaunchScreen.storyboard;
			sourceTree = "<group>";
		};
/* End PBXVariantGroup section */

/* Begin XCBuildConfiguration section */
		07771D2221077212002125A3 /* Debug */ = {
			isa = XCBuildConfiguration;
			buildSettings = {
				ALWAYS_SEARCH_USER_PATHS = NO;
				CLANG_ANALYZER_NONNULL = YES;
				CLANG_ANALYZER_NUMBER_OBJECT_CONVERSION = YES_AGGRESSIVE;
				CLANG_CXX_LANGUAGE_STANDARD = "gnu++14";
				CLANG_CXX_LIBRARY = "libc++";
				CLANG_ENABLE_MODULES = YES;
				CLANG_ENABLE_OBJC_ARC = YES;
				CLANG_ENABLE_OBJC_WEAK = YES;
				CLANG_WARN_BLOCK_CAPTURE_AUTORELEASING = YES;
				CLANG_WARN_BOOL_CONVERSION = YES;
				CLANG_WARN_COMMA = YES;
				CLANG_WARN_CONSTANT_CONVERSION = YES;
				CLANG_WARN_DEPRECATED_OBJC_IMPLEMENTATIONS = YES;
				CLANG_WARN_DIRECT_OBJC_ISA_USAGE = YES_ERROR;
				CLANG_WARN_DOCUMENTATION_COMMENTS = YES;
				CLANG_WARN_EMPTY_BODY = YES;
				CLANG_WARN_ENUM_CONVERSION = YES;
				CLANG_WARN_INFINITE_RECURSION = YES;
				CLANG_WARN_INT_CONVERSION = YES;
				CLANG_WARN_NON_LITERAL_NULL_CONVERSION = YES;
				CLANG_WARN_OBJC_IMPLICIT_RETAIN_SELF = YES;
				CLANG_WARN_OBJC_LITERAL_CONVERSION = YES;
				CLANG_WARN_OBJC_ROOT_CLASS = YES_ERROR;
				CLANG_WARN_RANGE_LOOP_ANALYSIS = YES;
				CLANG_WARN_STRICT_PROTOTYPES = YES;
				CLANG_WARN_SUSPICIOUS_MOVE = YES;
				CLANG_WARN_UNGUARDED_AVAILABILITY = YES_AGGRESSIVE;
				CLANG_WARN_UNREACHABLE_CODE = YES;
				CLANG_WARN__DUPLICATE_METHOD_MATCH = YES;
				CODE_SIGN_IDENTITY = "iPhone Developer";
				COPY_PHASE_STRIP = NO;
				DEBUG_INFORMATION_FORMAT = dwarf;
				ENABLE_STRICT_OBJC_MSGSEND = YES;
				ENABLE_TESTABILITY = YES;
				GCC_C_LANGUAGE_STANDARD = gnu11;
				GCC_DYNAMIC_NO_PIC = NO;
				GCC_NO_COMMON_BLOCKS = YES;
				GCC_OPTIMIZATION_LEVEL = 0;
				GCC_PREPROCESSOR_DEFINITIONS = (
					"DEBUG=1",
					"$(inherited)",
				);
				GCC_WARN_64_TO_32_BIT_CONVERSION = YES;
				GCC_WARN_ABOUT_RETURN_TYPE = YES_ERROR;
				GCC_WARN_UNDECLARED_SELECTOR = YES;
				GCC_WARN_UNINITIALIZED_AUTOS = YES_AGGRESSIVE;
				GCC_WARN_UNUSED_FUNCTION = YES;
				GCC_WARN_UNUSED_VARIABLE = YES;
				IPHONEOS_DEPLOYMENT_TARGET = 11.4;
				MTL_ENABLE_DEBUG_INFO = YES;
				ONLY_ACTIVE_ARCH = YES;
				SDKROOT = iphoneos;
				SWIFT_ACTIVE_COMPILATION_CONDITIONS = DEBUG;
				SWIFT_OPTIMIZATION_LEVEL = "-Onone";
			};
			name = Debug;
		};
		07771D2321077212002125A3 /* Release */ = {
			isa = XCBuildConfiguration;
			buildSettings = {
				ALWAYS_SEARCH_USER_PATHS = NO;
				CLANG_ANALYZER_NONNULL = YES;
				CLANG_ANALYZER_NUMBER_OBJECT_CONVERSION = YES_AGGRESSIVE;
				CLANG_CXX_LANGUAGE_STANDARD = "gnu++14";
				CLANG_CXX_LIBRARY = "libc++";
				CLANG_ENABLE_MODULES = YES;
				CLANG_ENABLE_OBJC_ARC = YES;
				CLANG_ENABLE_OBJC_WEAK = YES;
				CLANG_WARN_BLOCK_CAPTURE_AUTORELEASING = YES;
				CLANG_WARN_BOOL_CONVERSION = YES;
				CLANG_WARN_COMMA = YES;
				CLANG_WARN_CONSTANT_CONVERSION = YES;
				CLANG_WARN_DEPRECATED_OBJC_IMPLEMENTATIONS = YES;
				CLANG_WARN_DIRECT_OBJC_ISA_USAGE = YES_ERROR;
				CLANG_WARN_DOCUMENTATION_COMMENTS = YES;
				CLANG_WARN_EMPTY_BODY = YES;
				CLANG_WARN_ENUM_CONVERSION = YES;
				CLANG_WARN_INFINITE_RECURSION = YES;
				CLANG_WARN_INT_CONVERSION = YES;
				CLANG_WARN_NON_LITERAL_NULL_CONVERSION = YES;
				CLANG_WARN_OBJC_IMPLICIT_RETAIN_SELF = YES;
				CLANG_WARN_OBJC_LITERAL_CONVERSION = YES;
				CLANG_WARN_OBJC_ROOT_CLASS = YES_ERROR;
				CLANG_WARN_RANGE_LOOP_ANALYSIS = YES;
				CLANG_WARN_STRICT_PROTOTYPES = YES;
				CLANG_WARN_SUSPICIOUS_MOVE = YES;
				CLANG_WARN_UNGUARDED_AVAILABILITY = YES_AGGRESSIVE;
				CLANG_WARN_UNREACHABLE_CODE = YES;
				CLANG_WARN__DUPLICATE_METHOD_MATCH = YES;
				CODE_SIGN_IDENTITY = "iPhone Developer";
				COPY_PHASE_STRIP = NO;
				DEBUG_INFORMATION_FORMAT = "dwarf-with-dsym";
				ENABLE_NS_ASSERTIONS = NO;
				ENABLE_STRICT_OBJC_MSGSEND = YES;
				GCC_C_LANGUAGE_STANDARD = gnu11;
				GCC_NO_COMMON_BLOCKS = YES;
				GCC_WARN_64_TO_32_BIT_CONVERSION = YES;
				GCC_WARN_ABOUT_RETURN_TYPE = YES_ERROR;
				GCC_WARN_UNDECLARED_SELECTOR = YES;
				GCC_WARN_UNINITIALIZED_AUTOS = YES_AGGRESSIVE;
				GCC_WARN_UNUSED_FUNCTION = YES;
				GCC_WARN_UNUSED_VARIABLE = YES;
				IPHONEOS_DEPLOYMENT_TARGET = 11.4;
				MTL_ENABLE_DEBUG_INFO = NO;
				SDKROOT = iphoneos;
				SWIFT_COMPILATION_MODE = wholemodule;
				SWIFT_OPTIMIZATION_LEVEL = "-O";
				VALIDATE_PRODUCT = YES;
			};
			name = Release;
		};
		07771D2521077212002125A3 /* Debug */ = {
			isa = XCBuildConfiguration;
			buildSettings = {
				ASSETCATALOG_COMPILER_APPICON_NAME = AppIcon;
				CODE_SIGN_STYLE = Automatic;
				DEVELOPMENT_TEAM = S7N3TR8KFC;
				INFOPLIST_FILE = CanaryWeather/Info.plist;
				LD_RUNPATH_SEARCH_PATHS = (
					"$(inherited)",
					"@executable_path/Frameworks",
				);
				PRODUCT_BUNDLE_IDENTIFIER = com.tylerhelmrich.author.CanaryWeather;
				PRODUCT_NAME = "$(TARGET_NAME)";
				SWIFT_VERSION = 4.0;
				TARGETED_DEVICE_FAMILY = "1,2";
			};
			name = Debug;
		};
		07771D2621077212002125A3 /* Release */ = {
			isa = XCBuildConfiguration;
			buildSettings = {
				ASSETCATALOG_COMPILER_APPICON_NAME = AppIcon;
				CODE_SIGN_STYLE = Automatic;
				DEVELOPMENT_TEAM = S7N3TR8KFC;
				INFOPLIST_FILE = CanaryWeather/Info.plist;
				LD_RUNPATH_SEARCH_PATHS = (
					"$(inherited)",
					"@executable_path/Frameworks",
				);
				PRODUCT_BUNDLE_IDENTIFIER = com.tylerhelmrich.author.CanaryWeather;
				PRODUCT_NAME = "$(TARGET_NAME)";
				SWIFT_VERSION = 4.0;
				TARGETED_DEVICE_FAMILY = "1,2";
			};
			name = Release;
		};
		07771D2821077212002125A3 /* Debug */ = {
			isa = XCBuildConfiguration;
			buildSettings = {
				ALWAYS_EMBED_SWIFT_STANDARD_LIBRARIES = YES;
				BUNDLE_LOADER = "$(TEST_HOST)";
				CODE_SIGN_STYLE = Automatic;
				DEVELOPMENT_TEAM = S7N3TR8KFC;
				INFOPLIST_FILE = CanaryWeatherTests/Info.plist;
				LD_RUNPATH_SEARCH_PATHS = (
					"$(inherited)",
					"@executable_path/Frameworks",
					"@loader_path/Frameworks",
				);
				PRODUCT_BUNDLE_IDENTIFIER = com.tylerhelmrich.author.CanaryWeatherTests;
				PRODUCT_NAME = "$(TARGET_NAME)";
				SWIFT_VERSION = 4.0;
				TARGETED_DEVICE_FAMILY = "1,2";
				TEST_HOST = "$(BUILT_PRODUCTS_DIR)/CanaryWeather.app/CanaryWeather";
			};
			name = Debug;
		};
		07771D2921077212002125A3 /* Release */ = {
			isa = XCBuildConfiguration;
			buildSettings = {
				ALWAYS_EMBED_SWIFT_STANDARD_LIBRARIES = YES;
				BUNDLE_LOADER = "$(TEST_HOST)";
				CODE_SIGN_STYLE = Automatic;
				DEVELOPMENT_TEAM = S7N3TR8KFC;
				INFOPLIST_FILE = CanaryWeatherTests/Info.plist;
				LD_RUNPATH_SEARCH_PATHS = (
					"$(inherited)",
					"@executable_path/Frameworks",
					"@loader_path/Frameworks",
				);
				PRODUCT_BUNDLE_IDENTIFIER = com.tylerhelmrich.author.CanaryWeatherTests;
				PRODUCT_NAME = "$(TARGET_NAME)";
				SWIFT_VERSION = 4.0;
				TARGETED_DEVICE_FAMILY = "1,2";
				TEST_HOST = "$(BUILT_PRODUCTS_DIR)/CanaryWeather.app/CanaryWeather";
			};
			name = Release;
		};
		07771D2B21077212002125A3 /* Debug */ = {
			isa = XCBuildConfiguration;
			buildSettings = {
				ALWAYS_EMBED_SWIFT_STANDARD_LIBRARIES = YES;
				CODE_SIGN_STYLE = Automatic;
				DEVELOPMENT_TEAM = S7N3TR8KFC;
				INFOPLIST_FILE = CanaryWeatherUITests/Info.plist;
				LD_RUNPATH_SEARCH_PATHS = (
					"$(inherited)",
					"@executable_path/Frameworks",
					"@loader_path/Frameworks",
				);
				PRODUCT_BUNDLE_IDENTIFIER = com.tylerhelmrich.author.CanaryWeatherUITests;
				PRODUCT_NAME = "$(TARGET_NAME)";
				SWIFT_VERSION = 4.0;
				TARGETED_DEVICE_FAMILY = "1,2";
				TEST_TARGET_NAME = CanaryWeather;
			};
			name = Debug;
		};
		07771D2C21077212002125A3 /* Release */ = {
			isa = XCBuildConfiguration;
			buildSettings = {
				ALWAYS_EMBED_SWIFT_STANDARD_LIBRARIES = YES;
				CODE_SIGN_STYLE = Automatic;
				DEVELOPMENT_TEAM = S7N3TR8KFC;
				INFOPLIST_FILE = CanaryWeatherUITests/Info.plist;
				LD_RUNPATH_SEARCH_PATHS = (
					"$(inherited)",
					"@executable_path/Frameworks",
					"@loader_path/Frameworks",
				);
				PRODUCT_BUNDLE_IDENTIFIER = com.tylerhelmrich.author.CanaryWeatherUITests;
				PRODUCT_NAME = "$(TARGET_NAME)";
				SWIFT_VERSION = 4.0;
				TARGETED_DEVICE_FAMILY = "1,2";
				TEST_TARGET_NAME = CanaryWeather;
			};
			name = Release;
		};
/* End XCBuildConfiguration section */

/* Begin XCConfigurationList section */
		07771CF421077210002125A3 /* Build configuration list for PBXProject "CanaryWeather" */ = {
			isa = XCConfigurationList;
			buildConfigurations = (
				07771D2221077212002125A3 /* Debug */,
				07771D2321077212002125A3 /* Release */,
			);
			defaultConfigurationIsVisible = 0;
			defaultConfigurationName = Release;
		};
		07771D2421077212002125A3 /* Build configuration list for PBXNativeTarget "CanaryWeather" */ = {
			isa = XCConfigurationList;
			buildConfigurations = (
				07771D2521077212002125A3 /* Debug */,
				07771D2621077212002125A3 /* Release */,
			);
			defaultConfigurationIsVisible = 0;
			defaultConfigurationName = Release;
		};
		07771D2721077212002125A3 /* Build configuration list for PBXNativeTarget "CanaryWeatherTests" */ = {
			isa = XCConfigurationList;
			buildConfigurations = (
				07771D2821077212002125A3 /* Debug */,
				07771D2921077212002125A3 /* Release */,
			);
			defaultConfigurationIsVisible = 0;
			defaultConfigurationName = Release;
		};
		07771D2A21077212002125A3 /* Build configuration list for PBXNativeTarget "CanaryWeatherUITests" */ = {
			isa = XCConfigurationList;
			buildConfigurations = (
				07771D2B21077212002125A3 /* Debug */,
				07771D2C21077212002125A3 /* Release */,
			);
			defaultConfigurationIsVisible = 0;
			defaultConfigurationName = Release;
		};
/* End XCConfigurationList section */

/* Begin XCVersionGroup section */
		07771D0321077210002125A3 /* CanaryWeather.xcdatamodeld */ = {
			isa = XCVersionGroup;
			children = (
				07771D0421077210002125A3 /* CanaryWeather.xcdatamodel */,
			);
			currentVersion = 07771D0421077210002125A3 /* CanaryWeather.xcdatamodel */;
			path = CanaryWeather.xcdatamodeld;
			sourceTree = "<group>";
			versionGroupType = wrapper.xcdatamodel;
		};
/* End XCVersionGroup section */
	};
	rootObject = 07771CF121077210002125A3 /* Project object */;
}
